
Microsoft Visual Studio Solution File, Format Version 12.00
# Visual Studio Version 16
VisualStudioVersion = 16.0.31911.196
MinimumVisualStudioVersion = 10.0.40219.1
Project("{9A19103F-16F7-4668-BE54-9A1E7A4F7556}") = "Repository", "Repository\Repository.csproj", "{D45C7A81-B17B-486A-9752-628EDE32EA84}"
EndProject
Project("{9A19103F-16F7-4668-BE54-9A1E7A4F7556}") = "Singleton", "Singleton\Singleton.csproj", "{F7A88668-BA56-4974-AB54-A3B69B918AEB}"
EndProject
Project("{9A19103F-16F7-4668-BE54-9A1E7A4F7556}") = "Facade", "Facade\Facade.csproj", "{C62CB35D-A10B-40A2-BA90-31519903813B}"
EndProject
Project("{9A19103F-16F7-4668-BE54-9A1E7A4F7556}") = "SimpleFactory", "Simple Factory\SimpleFactory.csproj", "{5915FCAB-0FBA-4D7B-946A-66F0AFAB4DFE}"
EndProject
Project("{9A19103F-16F7-4668-BE54-9A1E7A4F7556}") = "AbstractFactory", "Abstract Factory\AbstractFactory.csproj", "{E9E4D953-CE27-4CAB-9BE9-F13B924EC914}"
EndProject
Project("{9A19103F-16F7-4668-BE54-9A1E7A4F7556}") = "Decorator", "Decorator\Decorator.csproj", "{57BECFEB-214F-42DE-B346-A92C2122D4A0}"
EndProject
Project("{9A19103F-16F7-4668-BE54-9A1E7A4F7556}") = "Strategy", "Strategy\Strategy.csproj", "{F606E32D-56D4-4832-B53D-44AEF3C6266D}"
EndProject
Project("{9A19103F-16F7-4668-BE54-9A1E7A4F7556}") = "Proxy", "Proxy\Proxy.csproj", "{E6701395-C534-48C2-9360-55C9847DEDE5}"
EndProject
Project("{9A19103F-16F7-4668-BE54-9A1E7A4F7556}") = "TrafficLights", "State\TrafficLights.csproj", "{EEC4218C-0321-417F-B281-E018D595F809}"
EndProject
Project("{2150E333-8FDC-42A3-9474-1A3956D46DE8}") = "State Pattern", "State Pattern", "{BF1AD837-0844-4B7D-B833-E0F783496B7B}"
EndProject
Project("{2150E333-8FDC-42A3-9474-1A3956D46DE8}") = "Abstract Factory Pattern", "Abstract Factory Pattern", "{5DAB3218-AC15-40BE-A1BC-4CC4FF7CAC98}"
EndProject
Project("{2150E333-8FDC-42A3-9474-1A3956D46DE8}") = "Decorator Pattern", "Decorator Pattern", "{D871082B-4B14-4A32-940A-0996D3EC3BAD}"
EndProject
Project("{2150E333-8FDC-42A3-9474-1A3956D46DE8}") = "Facade Pattern", "Facade Pattern", "{FDF79989-E62F-47C6-A019-5077FF397611}"
EndProject
Project("{2150E333-8FDC-42A3-9474-1A3956D46DE8}") = "Proxy Pattern", "Proxy Pattern", "{9F4D4FAA-5103-4035-A609-14949B9FFAD5}"
EndProject
Project("{2150E333-8FDC-42A3-9474-1A3956D46DE8}") = "Repository Pattern", "Repository Pattern", "{C1BA5E1C-55D3-4D2C-A269-34C95240F21F}"
EndProject
Project("{2150E333-8FDC-42A3-9474-1A3956D46DE8}") = "Simple Factory Pattern", "Simple Factory Pattern", "{24E5C6E7-90C0-460C-B94D-D745908CF6D2}"
EndProject
Project("{2150E333-8FDC-42A3-9474-1A3956D46DE8}") = "Singleton Pattern", "Singleton Pattern", "{932AB223-19EA-4747-8C1C-B74ADD48D384}"
EndProject
Project("{2150E333-8FDC-42A3-9474-1A3956D46DE8}") = "Strategy Pattern", "Strategy Pattern", "{7A59BBFA-F28F-4A91-9A0D-EC0369D70CA5}"
EndProject
Global
	GlobalSection(SolutionConfigurationPlatforms) = preSolution
		Debug|Any CPU = Debug|Any CPU
		Release|Any CPU = Release|Any CPU
	EndGlobalSection
	GlobalSection(ProjectConfigurationPlatforms) = postSolution
		{D45C7A81-B17B-486A-9752-628EDE32EA84}.Debug|Any CPU.ActiveCfg = Debug|Any CPU
		{D45C7A81-B17B-486A-9752-628EDE32EA84}.Debug|Any CPU.Build.0 = Debug|Any CPU
		{D45C7A81-B17B-486A-9752-628EDE32EA84}.Release|Any CPU.ActiveCfg = Release|Any CPU
		{D45C7A81-B17B-486A-9752-628EDE32EA84}.Release|Any CPU.Build.0 = Release|Any CPU
		{F7A88668-BA56-4974-AB54-A3B69B918AEB}.Debug|Any CPU.ActiveCfg = Debug|Any CPU
		{F7A88668-BA56-4974-AB54-A3B69B918AEB}.Debug|Any CPU.Build.0 = Debug|Any CPU
		{F7A88668-BA56-4974-AB54-A3B69B918AEB}.Release|Any CPU.ActiveCfg = Release|Any CPU
		{F7A88668-BA56-4974-AB54-A3B69B918AEB}.Release|Any CPU.Build.0 = Release|Any CPU
		{C62CB35D-A10B-40A2-BA90-31519903813B}.Debug|Any CPU.ActiveCfg = Debug|Any CPU
		{C62CB35D-A10B-40A2-BA90-31519903813B}.Debug|Any CPU.Build.0 = Debug|Any CPU
		{C62CB35D-A10B-40A2-BA90-31519903813B}.Release|Any CPU.ActiveCfg = Release|Any CPU
		{C62CB35D-A10B-40A2-BA90-31519903813B}.Release|Any CPU.Build.0 = Release|Any CPU
		{5915FCAB-0FBA-4D7B-946A-66F0AFAB4DFE}.Debug|Any CPU.ActiveCfg = Debug|Any CPU
		{5915FCAB-0FBA-4D7B-946A-66F0AFAB4DFE}.Debug|Any CPU.Build.0 = Debug|Any CPU
		{5915FCAB-0FBA-4D7B-946A-66F0AFAB4DFE}.Release|Any CPU.ActiveCfg = Release|Any CPU
		{5915FCAB-0FBA-4D7B-946A-66F0AFAB4DFE}.Release|Any CPU.Build.0 = Release|Any CPU
		{E9E4D953-CE27-4CAB-9BE9-F13B924EC914}.Debug|Any CPU.ActiveCfg = Debug|Any CPU
		{E9E4D953-CE27-4CAB-9BE9-F13B924EC914}.Debug|Any CPU.Build.0 = Debug|Any CPU
		{E9E4D953-CE27-4CAB-9BE9-F13B924EC914}.Release|Any CPU.ActiveCfg = Release|Any CPU
		{E9E4D953-CE27-4CAB-9BE9-F13B924EC914}.Release|Any CPU.Build.0 = Release|Any CPU
		{57BECFEB-214F-42DE-B346-A92C2122D4A0}.Debug|Any CPU.ActiveCfg = Debug|Any CPU
		{57BECFEB-214F-42DE-B346-A92C2122D4A0}.Debug|Any CPU.Build.0 = Debug|Any CPU
		{57BECFEB-214F-42DE-B346-A92C2122D4A0}.Release|Any CPU.ActiveCfg = Release|Any CPU
		{57BECFEB-214F-42DE-B346-A92C2122D4A0}.Release|Any CPU.Build.0 = Release|Any CPU
		{F606E32D-56D4-4832-B53D-44AEF3C6266D}.Debug|Any CPU.ActiveCfg = Debug|Any CPU
		{F606E32D-56D4-4832-B53D-44AEF3C6266D}.Debug|Any CPU.Build.0 = Debug|Any CPU
		{F606E32D-56D4-4832-B53D-44AEF3C6266D}.Release|Any CPU.ActiveCfg = Release|Any CPU
		{F606E32D-56D4-4832-B53D-44AEF3C6266D}.Release|Any CPU.Build.0 = Release|Any CPU
		{E6701395-C534-48C2-9360-55C9847DEDE5}.Debug|Any CPU.ActiveCfg = Debug|Any CPU
		{E6701395-C534-48C2-9360-55C9847DEDE5}.Debug|Any CPU.Build.0 = Debug|Any CPU
		{E6701395-C534-48C2-9360-55C9847DEDE5}.Release|Any CPU.ActiveCfg = Release|Any CPU
		{E6701395-C534-48C2-9360-55C9847DEDE5}.Release|Any CPU.Build.0 = Release|Any CPU
		{EEC4218C-0321-417F-B281-E018D595F809}.Debug|Any CPU.ActiveCfg = Debug|Any CPU
		{EEC4218C-0321-417F-B281-E018D595F809}.Debug|Any CPU.Build.0 = Debug|Any CPU
		{EEC4218C-0321-417F-B281-E018D595F809}.Release|Any CPU.ActiveCfg = Release|Any CPU
		{EEC4218C-0321-417F-B281-E018D595F809}.Release|Any CPU.Build.0 = Release|Any CPU
	EndGlobalSection
	GlobalSection(SolutionProperties) = preSolution
		HideSolutionNode = FALSE
	EndGlobalSection
	GlobalSection(NestedProjects) = preSolution
		{D45C7A81-B17B-486A-9752-628EDE32EA84} = {C1BA5E1C-55D3-4D2C-A269-34C95240F21F}
		{F7A88668-BA56-4974-AB54-A3B69B918AEB} = {932AB223-19EA-4747-8C1C-B74ADD48D384}
		{C62CB35D-A10B-40A2-BA90-31519903813B} = {FDF79989-E62F-47C6-A019-5077FF397611}
		{5915FCAB-0FBA-4D7B-946A-66F0AFAB4DFE} = {24E5C6E7-90C0-460C-B94D-D745908CF6D2}
		{E9E4D953-CE27-4CAB-9BE9-F13B924EC914} = {5DAB3218-AC15-40BE-A1BC-4CC4FF7CAC98}
		{57BECFEB-214F-42DE-B346-A92C2122D4A0} = {D871082B-4B14-4A32-940A-0996D3EC3BAD}
		{F606E32D-56D4-4832-B53D-44AEF3C6266D} = {7A59BBFA-F28F-4A91-9A0D-EC0369D70CA5}
		{E6701395-C534-48C2-9360-55C9847DEDE5} = {9F4D4FAA-5103-4035-A609-14949B9FFAD5}
		{EEC4218C-0321-417F-B281-E018D595F809} = {BF1AD837-0844-4B7D-B833-E0F783496B7B}
	EndGlobalSection
	GlobalSection(ExtensibilityGlobals) = postSolution
		SolutionGuid = {CD8DB315-E81D-4E94-9A4C-CB3E9A7CBCF4}
	EndGlobalSection
EndGlobal
